
Microsoft Visual Studio Solution File, Format Version 12.00
# Visual Studio Version 17
VisualStudioVersion = 17.4.33213.308
MinimumVisualStudioVersion = 10.0.40219.1
Project("{FAE04EC0-301F-11D3-BF4B-00C04F79EFBC}") = "COMP003A.Assignment1", "COMP003A.Assignment1\COMP003A.Assignment1.csproj", "{DE128A2B-D489-424A-86E6-80995E96C902}"
EndProject
Global
	GlobalSection(SolutionConfigurationPlatforms) = preSolution
		Debug|Any CPU = Debug|Any CPU
		Release|Any CPU = Release|Any CPU
	EndGlobalSection
	GlobalSection(ProjectConfigurationPlatforms) = postSolution
		{DE128A2B-D489-424A-86E6-80995E96C902}.Debug|Any CPU.ActiveCfg = Debug|Any CPU
		{DE128A2B-D489-424A-86E6-80995E96C902}.Debug|Any CPU.Build.0 = Debug|Any CPU
		{DE128A2B-D489-424A-86E6-80995E96C902}.Release|Any CPU.ActiveCfg = Release|Any CPU
		{DE128A2B-D489-424A-86E6-80995E96C902}.Release|Any CPU.Build.0 = Release|Any CPU
	EndGlobalSection
	GlobalSection(SolutionProperties) = preSolution
		HideSolutionNode = FALSE
	EndGlobalSection
	GlobalSection(ExtensibilityGlobals) = postSolution
		SolutionGuid = {889E0D49-E8E1-4AAC-9B0B-94F7152BEE0B}
	EndGlobalSection
EndGlobal
